
Microsoft Visual Studio Solution File, Format Version 12.00
# Visual Studio 15
VisualStudioVersion = 15.0.28307.902
MinimumVisualStudioVersion = 10.0.40219.1
Project("{9A19103F-16F7-4668-BE54-9A1E7A4F7556}") = "azure_function", "azure_function\azure_function.csproj", "{9453CB13-B381-4E1A-8866-03D9E49F7D28}"
EndProject
Project("{FAE04EC0-301F-11D3-BF4B-00C04F79EFBC}") = "azure_function_integration_test", "azure_function_integration_test\azure_function_integration_test.csproj", "{1B1B015F-D2E2-4A76-9630-E585B792AE25}"
EndProject
Global
	GlobalSection(SolutionConfigurationPlatforms) = preSolution
		Debug|Any CPU = Debug|Any CPU
		Release|Any CPU = Release|Any CPU
	EndGlobalSection
	GlobalSection(ProjectConfigurationPlatforms) = postSolution
		{9453CB13-B381-4E1A-8866-03D9E49F7D28}.Debug|Any CPU.ActiveCfg = Debug|Any CPU
		{9453CB13-B381-4E1A-8866-03D9E49F7D28}.Debug|Any CPU.Build.0 = Debug|Any CPU
		{9453CB13-B381-4E1A-8866-03D9E49F7D28}.Release|Any CPU.ActiveCfg = Release|Any CPU
		{9453CB13-B381-4E1A-8866-03D9E49F7D28}.Release|Any CPU.Build.0 = Release|Any CPU
		{1B1B015F-D2E2-4A76-9630-E585B792AE25}.Debug|Any CPU.ActiveCfg = Debug|Any CPU
		{1B1B015F-D2E2-4A76-9630-E585B792AE25}.Debug|Any CPU.Build.0 = Debug|Any CPU
		{1B1B015F-D2E2-4A76-9630-E585B792AE25}.Release|Any CPU.ActiveCfg = Release|Any CPU
		{1B1B015F-D2E2-4A76-9630-E585B792AE25}.Release|Any CPU.Build.0 = Release|Any CPU
	EndGlobalSection
	GlobalSection(SolutionProperties) = preSolution
		HideSolutionNode = FALSE
	EndGlobalSection
	GlobalSection(ExtensibilityGlobals) = postSolution
		SolutionGuid = {C2B557B4-2BCB-4A29-B4B1-0B9952D98947}
	EndGlobalSection
EndGlobal
